// !$*UTF8*$!
{
	archiveVersion = 1;
	classes = {
	};
	objectVersion = 55;
	objects = {

/* Begin PBXBuildFile section */
		87DA8ECC27FED75F00F8C3E9 /* AppDelegate.swift in Sources */ = {isa = PBXBuildFile; fileRef = 87DA8ECB27FED75F00F8C3E9 /* AppDelegate.swift */; };
		87DA8ECE27FED75F00F8C3E9 /* SceneDelegate.swift in Sources */ = {isa = PBXBuildFile; fileRef = 87DA8ECD27FED75F00F8C3E9 /* SceneDelegate.swift */; };
		87DA8ED027FED75F00F8C3E9 /* ViewController.swift in Sources */ = {isa = PBXBuildFile; fileRef = 87DA8ECF27FED75F00F8C3E9 /* ViewController.swift */; };
		87DA8ED327FED75F00F8C3E9 /* Main.storyboard in Resources */ = {isa = PBXBuildFile; fileRef = 87DA8ED127FED75F00F8C3E9 /* Main.storyboard */; };
		87DA8ED527FED76000F8C3E9 /* Assets.xcassets in Resources */ = {isa = PBXBuildFile; fileRef = 87DA8ED427FED76000F8C3E9 /* Assets.xcassets */; };
		87DA8ED827FED76000F8C3E9 /* LaunchScreen.storyboard in Resources */ = {isa = PBXBuildFile; fileRef = 87DA8ED627FED76000F8C3E9 /* LaunchScreen.storyboard */; };
		87DA8EE327FED76000F8C3E9 /* goodFortuneTests.swift in Sources */ = {isa = PBXBuildFile; fileRef = 87DA8EE227FED76000F8C3E9 /* goodFortuneTests.swift */; };
		87DA8EED27FED76000F8C3E9 /* goodFortuneUITests.swift in Sources */ = {isa = PBXBuildFile; fileRef = 87DA8EEC27FED76000F8C3E9 /* goodFortuneUITests.swift */; };
		87DA8EEF27FED76000F8C3E9 /* goodFortuneUITestsLaunchTests.swift in Sources */ = {isa = PBXBuildFile; fileRef = 87DA8EEE27FED76000F8C3E9 /* goodFortuneUITestsLaunchTests.swift */; };
/* End PBXBuildFile section */

/* Begin PBXContainerItemProxy section */
		87DA8EDF27FED76000F8C3E9 /* PBXContainerItemProxy */ = {
			isa = PBXContainerItemProxy;
			containerPortal = 87DA8EC027FED75F00F8C3E9 /* Project object */;
			proxyType = 1;
			remoteGlobalIDString = 87DA8EC727FED75F00F8C3E9;
			remoteInfo = goodFortune;
		};
		87DA8EE927FED76000F8C3E9 /* PBXContainerItemProxy */ = {
			isa = PBXContainerItemProxy;
			containerPortal = 87DA8EC027FED75F00F8C3E9 /* Project object */;
			proxyType = 1;
			remoteGlobalIDString = 87DA8EC727FED75F00F8C3E9;
			remoteInfo = goodFortune;
		};
/* End PBXContainerItemProxy section */

/* Begin PBXFileReference section */
		87DA8EC827FED75F00F8C3E9 /* goodFortune.app */ = {isa = PBXFileReference; explicitFileType = wrapper.application; includeInIndex = 0; path = goodFortune.app; sourceTree = BUILT_PRODUCTS_DIR; };
		87DA8ECB27FED75F00F8C3E9 /* AppDelegate.swift */ = {isa = PBXFileReference; lastKnownFileType = sourcecode.swift; path = AppDelegate.swift; sourceTree = "<group>"; };
		87DA8ECD27FED75F00F8C3E9 /* SceneDelegate.swift */ = {isa = PBXFileReference; lastKnownFileType = sourcecode.swift; path = SceneDelegate.swift; sourceTree = "<group>"; };
		87DA8ECF27FED75F00F8C3E9 /* ViewController.swift */ = {isa = PBXFileReference; lastKnownFileType = sourcecode.swift; path = ViewController.swift; sourceTree = "<group>"; };
		87DA8ED227FED75F00F8C3E9 /* Base */ = {isa = PBXFileReference; lastKnownFileType = file.storyboard; name = Base; path = Base.lproj/Main.storyboard; sourceTree = "<group>"; };
		87DA8ED427FED76000F8C3E9 /* Assets.xcassets */ = {isa = PBXFileReference; lastKnownFileType = folder.assetcatalog; path = Assets.xcassets; sourceTree = "<group>"; };
		87DA8ED727FED76000F8C3E9 /* Base */ = {isa = PBXFileReference; lastKnownFileType = file.storyboard; name = Base; path = Base.lproj/LaunchScreen.storyboard; sourceTree = "<group>"; };
		87DA8ED927FED76000F8C3E9 /* Info.plist */ = {isa = PBXFileReference; lastKnownFileType = text.plist.xml; path = Info.plist; sourceTree = "<group>"; };
		87DA8EDE27FED76000F8C3E9 /* goodFortuneTests.xctest */ = {isa = PBXFileReference; explicitFileType = wrapper.cfbundle; includeInIndex = 0; path = goodFortuneTests.xctest; sourceTree = BUILT_PRODUCTS_DIR; };
		87DA8EE227FED76000F8C3E9 /* goodFortuneTests.swift */ = {isa = PBXFileReference; lastKnownFileType = sourcecode.swift; path = goodFortuneTests.swift; sourceTree = "<group>"; };
		87DA8EE827FED76000F8C3E9 /* goodFortuneUITests.xctest */ = {isa = PBXFileReference; explicitFileType = wrapper.cfbundle; includeInIndex = 0; path = goodFortuneUITests.xctest; sourceTree = BUILT_PRODUCTS_DIR; };
		87DA8EEC27FED76000F8C3E9 /* goodFortuneUITests.swift */ = {isa = PBXFileReference; lastKnownFileType = sourcecode.swift; path = goodFortuneUITests.swift; sourceTree = "<group>"; };
		87DA8EEE27FED76000F8C3E9 /* goodFortuneUITestsLaunchTests.swift */ = {isa = PBXFileReference; lastKnownFileType = sourcecode.swift; path = goodFortuneUITestsLaunchTests.swift; sourceTree = "<group>"; };
/* End PBXFileReference section */

/* Begin PBXFrameworksBuildPhase section */
		87DA8EC527FED75F00F8C3E9 /* Frameworks */ = {
			isa = PBXFrameworksBuildPhase;
			buildActionMask = 2147483647;
			files = (
			);
			runOnlyForDeploymentPostprocessing = 0;
		};
		87DA8EDB27FED76000F8C3E9 /* Frameworks */ = {
			isa = PBXFrameworksBuildPhase;
			buildActionMask = 2147483647;
			files = (
			);
			runOnlyForDeploymentPostprocessing = 0;
		};
		87DA8EE527FED76000F8C3E9 /* Frameworks */ = {
			isa = PBXFrameworksBuildPhase;
			buildActionMask = 2147483647;
			files = (
			);
			runOnlyForDeploymentPostprocessing = 0;
		};
/* End PBXFrameworksBuildPhase section */

/* Begin PBXGroup section */
		87DA8EBF27FED75F00F8C3E9 = {
			isa = PBXGroup;
			children = (
				87DA8ECA27FED75F00F8C3E9 /* goodFortune */,
				87DA8EE127FED76000F8C3E9 /* goodFortuneTests */,
				87DA8EEB27FED76000F8C3E9 /* goodFortuneUITests */,
				87DA8EC927FED75F00F8C3E9 /* Products */,
			);
			sourceTree = "<group>";
		};
		87DA8EC927FED75F00F8C3E9 /* Products */ = {
			isa = PBXGroup;
			children = (
				87DA8EC827FED75F00F8C3E9 /* goodFortune.app */,
				87DA8EDE27FED76000F8C3E9 /* goodFortuneTests.xctest */,
				87DA8EE827FED76000F8C3E9 /* goodFortuneUITests.xctest */,
			);
			name = Products;
			sourceTree = "<group>";
		};
		87DA8ECA27FED75F00F8C3E9 /* goodFortune */ = {
			isa = PBXGroup;
			children = (
				87DA8ECB27FED75F00F8C3E9 /* AppDelegate.swift */,
				87DA8ECD27FED75F00F8C3E9 /* SceneDelegate.swift */,
				87DA8ECF27FED75F00F8C3E9 /* ViewController.swift */,
				87DA8ED127FED75F00F8C3E9 /* Main.storyboard */,
				87DA8ED427FED76000F8C3E9 /* Assets.xcassets */,
				87DA8ED627FED76000F8C3E9 /* LaunchScreen.storyboard */,
				87DA8ED927FED76000F8C3E9 /* Info.plist */,
			);
			path = goodFortune;
			sourceTree = "<group>";
		};
		87DA8EE127FED76000F8C3E9 /* goodFortuneTests */ = {
			isa = PBXGroup;
			children = (
				87DA8EE227FED76000F8C3E9 /* goodFortuneTests.swift */,
			);
			path = goodFortuneTests;
			sourceTree = "<group>";
		};
		87DA8EEB27FED76000F8C3E9 /* goodFortuneUITests */ = {
			isa = PBXGroup;
			children = (
				87DA8EEC27FED76000F8C3E9 /* goodFortuneUITests.swift */,
				87DA8EEE27FED76000F8C3E9 /* goodFortuneUITestsLaunchTests.swift */,
			);
			path = goodFortuneUITests;
			sourceTree = "<group>";
		};
/* End PBXGroup section */

/* Begin PBXNativeTarget section */
		87DA8EC727FED75F00F8C3E9 /* goodFortune */ = {
			isa = PBXNativeTarget;
			buildConfigurationList = 87DA8EF227FED76000F8C3E9 /* Build configuration list for PBXNativeTarget "goodFortune" */;
			buildPhases = (
				87DA8EC427FED75F00F8C3E9 /* Sources */,
				87DA8EC527FED75F00F8C3E9 /* Frameworks */,
				87DA8EC627FED75F00F8C3E9 /* Resources */,
			);
			buildRules = (
			);
			dependencies = (
			);
			name = goodFortune;
			productName = goodFortune;
			productReference = 87DA8EC827FED75F00F8C3E9 /* goodFortune.app */;
			productType = "com.apple.product-type.application";
		};
		87DA8EDD27FED76000F8C3E9 /* goodFortuneTests */ = {
			isa = PBXNativeTarget;
			buildConfigurationList = 87DA8EF527FED76000F8C3E9 /* Build configuration list for PBXNativeTarget "goodFortuneTests" */;
			buildPhases = (
				87DA8EDA27FED76000F8C3E9 /* Sources */,
				87DA8EDB27FED76000F8C3E9 /* Frameworks */,
				87DA8EDC27FED76000F8C3E9 /* Resources */,
			);
			buildRules = (
			);
			dependencies = (
				87DA8EE027FED76000F8C3E9 /* PBXTargetDependency */,
			);
			name = goodFortuneTests;
			productName = goodFortuneTests;
			productReference = 87DA8EDE27FED76000F8C3E9 /* goodFortuneTests.xctest */;
			productType = "com.apple.product-type.bundle.unit-test";
		};
		87DA8EE727FED76000F8C3E9 /* goodFortuneUITests */ = {
			isa = PBXNativeTarget;
			buildConfigurationList = 87DA8EF827FED76000F8C3E9 /* Build configuration list for PBXNativeTarget "goodFortuneUITests" */;
			buildPhases = (
				87DA8EE427FED76000F8C3E9 /* Sources */,
				87DA8EE527FED76000F8C3E9 /* Frameworks */,
				87DA8EE627FED76000F8C3E9 /* Resources */,
			);
			buildRules = (
			);
			dependencies = (
				87DA8EEA27FED76000F8C3E9 /* PBXTargetDependency */,
			);
			name = goodFortuneUITests;
			productName = goodFortuneUITests;
			productReference = 87DA8EE827FED76000F8C3E9 /* goodFortuneUITests.xctest */;
			productType = "com.apple.product-type.bundle.ui-testing";
		};
/* End PBXNativeTarget section */

/* Begin PBXProject section */
		87DA8EC027FED75F00F8C3E9 /* Project object */ = {
			isa = PBXProject;
			attributes = {
				BuildIndependentTargetsInParallel = 1;
				LastSwiftUpdateCheck = 1330;
				LastUpgradeCheck = 1330;
				TargetAttributes = {
					87DA8EC727FED75F00F8C3E9 = {
						CreatedOnToolsVersion = 13.3;
					};
					87DA8EDD27FED76000F8C3E9 = {
						CreatedOnToolsVersion = 13.3;
						TestTargetID = 87DA8EC727FED75F00F8C3E9;
					};
					87DA8EE727FED76000F8C3E9 = {
						CreatedOnToolsVersion = 13.3;
						TestTargetID = 87DA8EC727FED75F00F8C3E9;
					};
				};
			};
			buildConfigurationList = 87DA8EC327FED75F00F8C3E9 /* Build configuration list for PBXProject "goodFortune" */;
			compatibilityVersion = "Xcode 13.0";
			developmentRegion = en;
			hasScannedForEncodings = 0;
			knownRegions = (
				en,
				Base,
			);
			mainGroup = 87DA8EBF27FED75F00F8C3E9;
			productRefGroup = 87DA8EC927FED75F00F8C3E9 /* Products */;
			projectDirPath = "";
			projectRoot = "";
			targets = (
				87DA8EC727FED75F00F8C3E9 /* goodFortune */,
				87DA8EDD27FED76000F8C3E9 /* goodFortuneTests */,
				87DA8EE727FED76000F8C3E9 /* goodFortuneUITests */,
			);
		};
/* End PBXProject section */

/* Begin PBXResourcesBuildPhase section */
		87DA8EC627FED75F00F8C3E9 /* Resources */ = {
			isa = PBXResourcesBuildPhase;
			buildActionMask = 2147483647;
			files = (
				87DA8ED827FED76000F8C3E9 /* LaunchScreen.storyboard in Resources */,
				87DA8ED527FED76000F8C3E9 /* Assets.xcassets in Resources */,
				87DA8ED327FED75F00F8C3E9 /* Main.storyboard in Resources */,
			);
			runOnlyForDeploymentPostprocessing = 0;
		};
		87DA8EDC27FED76000F8C3E9 /* Resources */ = {
			isa = PBXResourcesBuildPhase;
			buildActionMask = 2147483647;
			files = (
			);
			runOnlyForDeploymentPostprocessing = 0;
		};
		87DA8EE627FED76000F8C3E9 /* Resources */ = {
			isa = PBXResourcesBuildPhase;
			buildActionMask = 2147483647;
			files = (
			);
			runOnlyForDeploymentPostprocessing = 0;
		};
/* End PBXResourcesBuildPhase section */

/* Begin PBXSourcesBuildPhase section */
		87DA8EC427FED75F00F8C3E9 /* Sources */ = {
			isa = PBXSourcesBuildPhase;
			buildActionMask = 2147483647;
			files = (
				87DA8ED027FED75F00F8C3E9 /* ViewController.swift in Sources */,
				87DA8ECC27FED75F00F8C3E9 /* AppDelegate.swift in Sources */,
				87DA8ECE27FED75F00F8C3E9 /* SceneDelegate.swift in Sources */,
			);
			runOnlyForDeploymentPostprocessing = 0;
		};
		87DA8EDA27FED76000F8C3E9 /* Sources */ = {
			isa = PBXSourcesBuildPhase;
			buildActionMask = 2147483647;
			files = (
				87DA8EE327FED76000F8C3E9 /* goodFortuneTests.swift in Sources */,
			);
			runOnlyForDeploymentPostprocessing = 0;
		};
		87DA8EE427FED76000F8C3E9 /* Sources */ = {
			isa = PBXSourcesBuildPhase;
			buildActionMask = 2147483647;
			files = (
				87DA8EED27FED76000F8C3E9 /* goodFortuneUITests.swift in Sources */,
				87DA8EEF27FED76000F8C3E9 /* goodFortuneUITestsLaunchTests.swift in Sources */,
			);
			runOnlyForDeploymentPostprocessing = 0;
		};
/* End PBXSourcesBuildPhase section */

/* Begin PBXTargetDependency section */
		87DA8EE027FED76000F8C3E9 /* PBXTargetDependency */ = {
			isa = PBXTargetDependency;
			target = 87DA8EC727FED75F00F8C3E9 /* goodFortune */;
			targetProxy = 87DA8EDF27FED76000F8C3E9 /* PBXContainerItemProxy */;
		};
		87DA8EEA27FED76000F8C3E9 /* PBXTargetDependency */ = {
			isa = PBXTargetDependency;
			target = 87DA8EC727FED75F00F8C3E9 /* goodFortune */;
			targetProxy = 87DA8EE927FED76000F8C3E9 /* PBXContainerItemProxy */;
		};
/* End PBXTargetDependency section */

/* Begin PBXVariantGroup section */
		87DA8ED127FED75F00F8C3E9 /* Main.storyboard */ = {
			isa = PBXVariantGroup;
			children = (
				87DA8ED227FED75F00F8C3E9 /* Base */,
			);
			name = Main.storyboard;
			sourceTree = "<group>";
		};
		87DA8ED627FED76000F8C3E9 /* LaunchScreen.storyboard */ = {
			isa = PBXVariantGroup;
			children = (
				87DA8ED727FED76000F8C3E9 /* Base */,
			);
			name = LaunchScreen.storyboard;
			sourceTree = "<group>";
		};
/* End PBXVariantGroup section */

/* Begin XCBuildConfiguration section */
		87DA8EF027FED76000F8C3E9 /* Debug */ = {
			isa = XCBuildConfiguration;
			buildSettings = {
				ALWAYS_SEARCH_USER_PATHS = NO;
				CLANG_ANALYZER_NONNULL = YES;
				CLANG_ANALYZER_NUMBER_OBJECT_CONVERSION = YES_AGGRESSIVE;
				CLANG_CXX_LANGUAGE_STANDARD = "gnu++17";
				CLANG_ENABLE_MODULES = YES;
				CLANG_ENABLE_OBJC_ARC = YES;
				CLANG_ENABLE_OBJC_WEAK = YES;
				CLANG_WARN_BLOCK_CAPTURE_AUTORELEASING = YES;
				CLANG_WARN_BOOL_CONVERSION = YES;
				CLANG_WARN_COMMA = YES;
				CLANG_WARN_CONSTANT_CONVERSION = YES;
				CLANG_WARN_DEPRECATED_OBJC_IMPLEMENTATIONS = YES;
				CLANG_WARN_DIRECT_OBJC_ISA_USAGE = YES_ERROR;
				CLANG_WARN_DOCUMENTATION_COMMENTS = YES;
				CLANG_WARN_EMPTY_BODY = YES;
				CLANG_WARN_ENUM_CONVERSION = YES;
				CLANG_WARN_INFINITE_RECURSION = YES;
				CLANG_WARN_INT_CONVERSION = YES;
				CLANG_WARN_NON_LITERAL_NULL_CONVERSION = YES;
				CLANG_WARN_OBJC_IMPLICIT_RETAIN_SELF = YES;
				CLANG_WARN_OBJC_LITERAL_CONVERSION = YES;
				CLANG_WARN_OBJC_ROOT_CLASS = YES_ERROR;
				CLANG_WARN_QUOTED_INCLUDE_IN_FRAMEWORK_HEADER = YES;
				CLANG_WARN_RANGE_LOOP_ANALYSIS = YES;
				CLANG_WARN_STRICT_PROTOTYPES = YES;
				CLANG_WARN_SUSPICIOUS_MOVE = YES;
				CLANG_WARN_UNGUARDED_AVAILABILITY = YES_AGGRESSIVE;
				CLANG_WARN_UNREACHABLE_CODE = YES;
				CLANG_WARN__DUPLICATE_METHOD_MATCH = YES;
				COPY_PHASE_STRIP = NO;
				DEBUG_INFORMATION_FORMAT = dwarf;
				ENABLE_STRICT_OBJC_MSGSEND = YES;
				ENABLE_TESTABILITY = YES;
				GCC_C_LANGUAGE_STANDARD = gnu11;
				GCC_DYNAMIC_NO_PIC = NO;
				GCC_NO_COMMON_BLOCKS = YES;
				GCC_OPTIMIZATION_LEVEL = 0;
				GCC_PREPROCESSOR_DEFINITIONS = (
					"DEBUG=1",
					"$(inherited)",
				);
				GCC_WARN_64_TO_32_BIT_CONVERSION = YES;
				GCC_WARN_ABOUT_RETURN_TYPE = YES_ERROR;
				GCC_WARN_UNDECLARED_SELECTOR = YES;
				GCC_WARN_UNINITIALIZED_AUTOS = YES_AGGRESSIVE;
				GCC_WARN_UNUSED_FUNCTION = YES;
				GCC_WARN_UNUSED_VARIABLE = YES;
				IPHONEOS_DEPLOYMENT_TARGET = 15.4;
				MTL_ENABLE_DEBUG_INFO = INCLUDE_SOURCE;
				MTL_FAST_MATH = YES;
				ONLY_ACTIVE_ARCH = YES;
				SDKROOT = iphoneos;
				SWIFT_ACTIVE_COMPILATION_CONDITIONS = DEBUG;
				SWIFT_OPTIMIZATION_LEVEL = "-Onone";
			};
			name = Debug;
		};
		87DA8EF127FED76000F8C3E9 /* Release */ = {
			isa = XCBuildConfiguration;
			buildSettings = {
				ALWAYS_SEARCH_USER_PATHS = NO;
				CLANG_ANALYZER_NONNULL = YES;
				CLANG_ANALYZER_NUMBER_OBJECT_CONVERSION = YES_AGGRESSIVE;
				CLANG_CXX_LANGUAGE_STANDARD = "gnu++17";
				CLANG_ENABLE_MODULES = YES;
				CLANG_ENABLE_OBJC_ARC = YES;
				CLANG_ENABLE_OBJC_WEAK = YES;
				CLANG_WARN_BLOCK_CAPTURE_AUTORELEASING = YES;
				CLANG_WARN_BOOL_CONVERSION = YES;
				CLANG_WARN_COMMA = YES;
				CLANG_WARN_CONSTANT_CONVERSION = YES;
				CLANG_WARN_DEPRECATED_OBJC_IMPLEMENTATIONS = YES;
				CLANG_WARN_DIRECT_OBJC_ISA_USAGE = YES_ERROR;
				CLANG_WARN_DOCUMENTATION_COMMENTS = YES;
				CLANG_WARN_EMPTY_BODY = YES;
				CLANG_WARN_ENUM_CONVERSION = YES;
				CLANG_WARN_INFINITE_RECURSION = YES;
				CLANG_WARN_INT_CONVERSION = YES;
				CLANG_WARN_NON_LITERAL_NULL_CONVERSION = YES;
				CLANG_WARN_OBJC_IMPLICIT_RETAIN_SELF = YES;
				CLANG_WARN_OBJC_LITERAL_CONVERSION = YES;
				CLANG_WARN_OBJC_ROOT_CLASS = YES_ERROR;
				CLANG_WARN_QUOTED_INCLUDE_IN_FRAMEWORK_HEADER = YES;
				CLANG_WARN_RANGE_LOOP_ANALYSIS = YES;
				CLANG_WARN_STRICT_PROTOTYPES = YES;
				CLANG_WARN_SUSPICIOUS_MOVE = YES;
				CLANG_WARN_UNGUARDED_AVAILABILITY = YES_AGGRESSIVE;
				CLANG_WARN_UNREACHABLE_CODE = YES;
				CLANG_WARN__DUPLICATE_METHOD_MATCH = YES;
				COPY_PHASE_STRIP = NO;
				DEBUG_INFORMATION_FORMAT = "dwarf-with-dsym";
				ENABLE_NS_ASSERTIONS = NO;
				ENABLE_STRICT_OBJC_MSGSEND = YES;
				GCC_C_LANGUAGE_STANDARD = gnu11;
				GCC_NO_COMMON_BLOCKS = YES;
				GCC_WARN_64_TO_32_BIT_CONVERSION = YES;
				GCC_WARN_ABOUT_RETURN_TYPE = YES_ERROR;
				GCC_WARN_UNDECLARED_SELECTOR = YES;
				GCC_WARN_UNINITIALIZED_AUTOS = YES_AGGRESSIVE;
				GCC_WARN_UNUSED_FUNCTION = YES;
				GCC_WARN_UNUSED_VARIABLE = YES;
				IPHONEOS_DEPLOYMENT_TARGET = 15.4;
				MTL_ENABLE_DEBUG_INFO = NO;
				MTL_FAST_MATH = YES;
				SDKROOT = iphoneos;
				SWIFT_COMPILATION_MODE = wholemodule;
				SWIFT_OPTIMIZATION_LEVEL = "-O";
				VALIDATE_PRODUCT = YES;
			};
			name = Release;
		};
		87DA8EF327FED76000F8C3E9 /* Debug */ = {
			isa = XCBuildConfiguration;
			buildSettings = {
				ASSETCATALOG_COMPILER_APPICON_NAME = AppIcon;
				ASSETCATALOG_COMPILER_GLOBAL_ACCENT_COLOR_NAME = AccentColor;
				CODE_SIGN_STYLE = Automatic;
				CURRENT_PROJECT_VERSION = 1;
				DEVELOPMENT_TEAM = F76RBF7M5V;
				GENERATE_INFOPLIST_FILE = YES;
				INFOPLIST_FILE = goodFortune/Info.plist;
				INFOPLIST_KEY_UIApplicationSupportsIndirectInputEvents = YES;
				INFOPLIST_KEY_UILaunchStoryboardName = LaunchScreen;
				INFOPLIST_KEY_UIMainStoryboardFile = Main;
				INFOPLIST_KEY_UISupportedInterfaceOrientations_iPad = "UIInterfaceOrientationPortrait UIInterfaceOrientationPortraitUpsideDown UIInterfaceOrientationLandscapeLeft UIInterfaceOrientationLandscapeRight";
				INFOPLIST_KEY_UISupportedInterfaceOrientations_iPhone = "UIInterfaceOrientationPortrait UIInterfaceOrientationLandscapeLeft UIInterfaceOrientationLandscapeRight";
				LD_RUNPATH_SEARCH_PATHS = (
					"$(inherited)",
					"@executable_path/Frameworks",
				);
				MARKETING_VERSION = 1.0;
				PRODUCT_BUNDLE_IDENTIFIER = com.umutcorut.goodFortune;
				PRODUCT_NAME = "$(TARGET_NAME)";
				SWIFT_EMIT_LOC_STRINGS = YES;
				SWIFT_VERSION = 5.0;
				TARGETED_DEVICE_FAMILY = "1,2";
			};
			name = Debug;
		};
		87DA8EF427FED76000F8C3E9 /* Release */ = {
			isa = XCBuildConfiguration;
			buildSettings = {
				ASSETCATALOG_COMPILER_APPICON_NAME = AppIcon;
				ASSETCATALOG_COMPILER_GLOBAL_ACCENT_COLOR_NAME = AccentColor;
				CODE_SIGN_STYLE = Automatic;
				CURRENT_PROJECT_VERSION = 1;
				DEVELOPMENT_TEAM = F76RBF7M5V;
				GENERATE_INFOPLIST_FILE = YES;
				INFOPLIST_FILE = goodFortune/Info.plist;
				INFOPLIST_KEY_UIApplicationSupportsIndirectInputEvents = YES;
				INFOPLIST_KEY_UILaunchStoryboardName = LaunchScreen;
				INFOPLIST_KEY_UIMainStoryboardFile = Main;
				INFOPLIST_KEY_UISupportedInterfaceOrientations_iPad = "UIInterfaceOrientationPortrait UIInterfaceOrientationPortraitUpsideDown UIInterfaceOrientationLandscapeLeft UIInterfaceOrientationLandscapeRight";
				INFOPLIST_KEY_UISupportedInterfaceOrientations_iPhone = "UIInterfaceOrientationPortrait UIInterfaceOrientationLandscapeLeft UIInterfaceOrientationLandscapeRight";
				LD_RUNPATH_SEARCH_PATHS = (
					"$(inherited)",
					"@executable_path/Frameworks",
				);
				MARKETING_VERSION = 1.0;
				PRODUCT_BUNDLE_IDENTIFIER = com.umutcorut.goodFortune;
				PRODUCT_NAME = "$(TARGET_NAME)";
				SWIFT_EMIT_LOC_STRINGS = YES;
				SWIFT_VERSION = 5.0;
				TARGETED_DEVICE_FAMILY = "1,2";
			};
			name = Release;
		};
		87DA8EF627FED76000F8C3E9 /* Debug */ = {
			isa = XCBuildConfiguration;
			buildSettings = {
				ALWAYS_EMBED_SWIFT_STANDARD_LIBRARIES = YES;
				BUNDLE_LOADER = "$(TEST_HOST)";
				CODE_SIGN_STYLE = Automatic;
				CURRENT_PROJECT_VERSION = 1;
				DEVELOPMENT_TEAM = F76RBF7M5V;
				GENERATE_INFOPLIST_FILE = YES;
				IPHONEOS_DEPLOYMENT_TARGET = 15.4;
				MARKETING_VERSION = 1.0;
				PRODUCT_BUNDLE_IDENTIFIER = com.umutcorut.goodFortuneTests;
				PRODUCT_NAME = "$(TARGET_NAME)";
				SWIFT_EMIT_LOC_STRINGS = NO;
				SWIFT_VERSION = 5.0;
				TARGETED_DEVICE_FAMILY = "1,2";
				TEST_HOST = "$(BUILT_PRODUCTS_DIR)/goodFortune.app/goodFortune";
			};
			name = Debug;
		};
		87DA8EF727FED76000F8C3E9 /* Release */ = {
			isa = XCBuildConfiguration;
			buildSettings = {
				ALWAYS_EMBED_SWIFT_STANDARD_LIBRARIES = YES;
				BUNDLE_LOADER = "$(TEST_HOST)";
				CODE_SIGN_STYLE = Automatic;
				CURRENT_PROJECT_VERSION = 1;
				DEVELOPMENT_TEAM = F76RBF7M5V;
				GENERATE_INFOPLIST_FILE = YES;
				IPHONEOS_DEPLOYMENT_TARGET = 15.4;
				MARKETING_VERSION = 1.0;
				PRODUCT_BUNDLE_IDENTIFIER = com.umutcorut.goodFortuneTests;
				PRODUCT_NAME = "$(TARGET_NAME)";
				SWIFT_EMIT_LOC_STRINGS = NO;
				SWIFT_VERSION = 5.0;
				TARGETED_DEVICE_FAMILY = "1,2";
				TEST_HOST = "$(BUILT_PRODUCTS_DIR)/goodFortune.app/goodFortune";
			};
			name = Release;
		};
		87DA8EF927FED76000F8C3E9 /* Debug */ = {
			isa = XCBuildConfiguration;
			buildSettings = {
				ALWAYS_EMBED_SWIFT_STANDARD_LIBRARIES = YES;
				CODE_SIGN_STYLE = Automatic;
				CURRENT_PROJECT_VERSION = 1;
				DEVELOPMENT_TEAM = F76RBF7M5V;
				GENERATE_INFOPLIST_FILE = YES;
				MARKETING_VERSION = 1.0;
				PRODUCT_BUNDLE_IDENTIFIER = com.umutcorut.goodFortuneUITests;
				PRODUCT_NAME = "$(TARGET_NAME)";
				SWIFT_EMIT_LOC_STRINGS = NO;
				SWIFT_VERSION = 5.0;
				TARGETED_DEVICE_FAMILY = "1,2";
				TEST_TARGET_NAME = goodFortune;
			};
			name = Debug;
		};
		87DA8EFA27FED76000F8C3E9 /* Release */ = {
			isa = XCBuildConfiguration;
			buildSettings = {
				ALWAYS_EMBED_SWIFT_STANDARD_LIBRARIES = YES;
				CODE_SIGN_STYLE = Automatic;
				CURRENT_PROJECT_VERSION = 1;
				DEVELOPMENT_TEAM = F76RBF7M5V;
				GENERATE_INFOPLIST_FILE = YES;
				MARKETING_VERSION = 1.0;
				PRODUCT_BUNDLE_IDENTIFIER = com.umutcorut.goodFortuneUITests;
				PRODUCT_NAME = "$(TARGET_NAME)";
				SWIFT_EMIT_LOC_STRINGS = NO;
				SWIFT_VERSION = 5.0;
				TARGETED_DEVICE_FAMILY = "1,2";
				TEST_TARGET_NAME = goodFortune;
			};
			name = Release;
		};
/* End XCBuildConfiguration section */

/* Begin XCConfigurationList section */
		87DA8EC327FED75F00F8C3E9 /* Build configuration list for PBXProject "goodFortune" */ = {
			isa = XCConfigurationList;
			buildConfigurations = (
				87DA8EF027FED76000F8C3E9 /* Debug */,
				87DA8EF127FED76000F8C3E9 /* Release */,
			);
			defaultConfigurationIsVisible = 0;
			defaultConfigurationName = Release;
		};
		87DA8EF227FED76000F8C3E9 /* Build configuration list for PBXNativeTarget "goodFortune" */ = {
			isa = XCConfigurationList;
			buildConfigurations = (
				87DA8EF327FED76000F8C3E9 /* Debug */,
				87DA8EF427FED76000F8C3E9 /* Release */,
			);
			defaultConfigurationIsVisible = 0;
			defaultConfigurationName = Release;
		};
		87DA8EF527FED76000F8C3E9 /* Build configuration list for PBXNativeTarget "goodFortuneTests" */ = {
			isa = XCConfigurationList;
			buildConfigurations = (
				87DA8EF627FED76000F8C3E9 /* Debug */,
				87DA8EF727FED76000F8C3E9 /* Release */,
			);
			defaultConfigurationIsVisible = 0;
			defaultConfigurationName = Release;
		};
		87DA8EF827FED76000F8C3E9 /* Build configuration list for PBXNativeTarget "goodFortuneUITests" */ = {
			isa = XCConfigurationList;
			buildConfigurations = (
				87DA8EF927FED76000F8C3E9 /* Debug */,
				87DA8EFA27FED76000F8C3E9 /* Release */,
			);
			defaultConfigurationIsVisible = 0;
			defaultConfigurationName = Release;
		};
/* End XCConfigurationList section */
	};
	rootObject = 87DA8EC027FED75F00F8C3E9 /* Project object */;
}
